// !$*UTF8*$!
{
	archiveVersion = 1;
	classes = {
	};
	objectVersion = 50;
	objects = {

/* Begin PBXBuildFile section */
		540FCDD3217046DC00623A62 /* AppDelegate.swift in Sources */ = {isa = PBXBuildFile; fileRef = 540FCDD2217046DC00623A62 /* AppDelegate.swift */; };
		540FCDD5217046DC00623A62 /* ViewController.swift in Sources */ = {isa = PBXBuildFile; fileRef = 540FCDD4217046DC00623A62 /* ViewController.swift */; };
		540FCDD8217046DC00623A62 /* Main.storyboard in Resources */ = {isa = PBXBuildFile; fileRef = 540FCDD6217046DC00623A62 /* Main.storyboard */; };
		540FCDDA217046E100623A62 /* Assets.xcassets in Resources */ = {isa = PBXBuildFile; fileRef = 540FCDD9217046E100623A62 /* Assets.xcassets */; };
		540FCDDD217046E100623A62 /* LaunchScreen.storyboard in Resources */ = {isa = PBXBuildFile; fileRef = 540FCDDB217046E100623A62 /* LaunchScreen.storyboard */; };
		540FCDE8217046E100623A62 /* TumblrTests.swift in Sources */ = {isa = PBXBuildFile; fileRef = 540FCDE7217046E100623A62 /* TumblrTests.swift */; };
		540FCDF3217046E100623A62 /* TumblrUITests.swift in Sources */ = {isa = PBXBuildFile; fileRef = 540FCDF2217046E100623A62 /* TumblrUITests.swift */; };
/* End PBXBuildFile section */

/* Begin PBXContainerItemProxy section */
		540FCDE4217046E100623A62 /* PBXContainerItemProxy */ = {
			isa = PBXContainerItemProxy;
			containerPortal = 540FCDC7217046DB00623A62 /* Project object */;
			proxyType = 1;
			remoteGlobalIDString = 540FCDCE217046DB00623A62;
			remoteInfo = Tumblr;
		};
		540FCDEF217046E100623A62 /* PBXContainerItemProxy */ = {
			isa = PBXContainerItemProxy;
			containerPortal = 540FCDC7217046DB00623A62 /* Project object */;
			proxyType = 1;
			remoteGlobalIDString = 540FCDCE217046DB00623A62;
			remoteInfo = Tumblr;
		};
/* End PBXContainerItemProxy section */

/* Begin PBXFileReference section */
		540FCDCF217046DC00623A62 /* Tumblr.app */ = {isa = PBXFileReference; explicitFileType = wrapper.application; includeInIndex = 0; path = Tumblr.app; sourceTree = BUILT_PRODUCTS_DIR; };
		540FCDD2217046DC00623A62 /* AppDelegate.swift */ = {isa = PBXFileReference; lastKnownFileType = sourcecode.swift; path = AppDelegate.swift; sourceTree = "<group>"; };
		540FCDD4217046DC00623A62 /* ViewController.swift */ = {isa = PBXFileReference; lastKnownFileType = sourcecode.swift; path = ViewController.swift; sourceTree = "<group>"; };
		540FCDD7217046DC00623A62 /* Base */ = {isa = PBXFileReference; lastKnownFileType = file.storyboard; name = Base; path = Base.lproj/Main.storyboard; sourceTree = "<group>"; };
		540FCDD9217046E100623A62 /* Assets.xcassets */ = {isa = PBXFileReference; lastKnownFileType = folder.assetcatalog; path = Assets.xcassets; sourceTree = "<group>"; };
		540FCDDC217046E100623A62 /* Base */ = {isa = PBXFileReference; lastKnownFileType = file.storyboard; name = Base; path = Base.lproj/LaunchScreen.storyboard; sourceTree = "<group>"; };
		540FCDDE217046E100623A62 /* Info.plist */ = {isa = PBXFileReference; lastKnownFileType = text.plist.xml; path = Info.plist; sourceTree = "<group>"; };
		540FCDE3217046E100623A62 /* TumblrTests.xctest */ = {isa = PBXFileReference; explicitFileType = wrapper.cfbundle; includeInIndex = 0; path = TumblrTests.xctest; sourceTree = BUILT_PRODUCTS_DIR; };
		540FCDE7217046E100623A62 /* TumblrTests.swift */ = {isa = PBXFileReference; lastKnownFileType = sourcecode.swift; path = TumblrTests.swift; sourceTree = "<group>"; };
		540FCDE9217046E100623A62 /* Info.plist */ = {isa = PBXFileReference; lastKnownFileType = text.plist.xml; path = Info.plist; sourceTree = "<group>"; };
		540FCDEE217046E100623A62 /* TumblrUITests.xctest */ = {isa = PBXFileReference; explicitFileType = wrapper.cfbundle; includeInIndex = 0; path = TumblrUITests.xctest; sourceTree = BUILT_PRODUCTS_DIR; };
		540FCDF2217046E100623A62 /* TumblrUITests.swift */ = {isa = PBXFileReference; lastKnownFileType = sourcecode.swift; path = TumblrUITests.swift; sourceTree = "<group>"; };
		540FCDF4217046E100623A62 /* Info.plist */ = {isa = PBXFileReference; lastKnownFileType = text.plist.xml; path = Info.plist; sourceTree = "<group>"; };
/* End PBXFileReference section */

/* Begin PBXFrameworksBuildPhase section */
		540FCDCC217046DB00623A62 /* Frameworks */ = {
			isa = PBXFrameworksBuildPhase;
			buildActionMask = 2147483647;
			files = (
			);
			runOnlyForDeploymentPostprocessing = 0;
		};
		540FCDE0217046E100623A62 /* Frameworks */ = {
			isa = PBXFrameworksBuildPhase;
			buildActionMask = 2147483647;
			files = (
			);
			runOnlyForDeploymentPostprocessing = 0;
		};
		540FCDEB217046E100623A62 /* Frameworks */ = {
			isa = PBXFrameworksBuildPhase;
			buildActionMask = 2147483647;
			files = (
			);
			runOnlyForDeploymentPostprocessing = 0;
		};
/* End PBXFrameworksBuildPhase section */

/* Begin PBXGroup section */
		540FCDC6217046DB00623A62 = {
			isa = PBXGroup;
			children = (
				540FCDD1217046DC00623A62 /* Tumblr */,
				540FCDE6217046E100623A62 /* TumblrTests */,
				540FCDF1217046E100623A62 /* TumblrUITests */,
				540FCDD0217046DC00623A62 /* Products */,
			);
			sourceTree = "<group>";
		};
		540FCDD0217046DC00623A62 /* Products */ = {
			isa = PBXGroup;
			children = (
				540FCDCF217046DC00623A62 /* Tumblr.app */,
				540FCDE3217046E100623A62 /* TumblrTests.xctest */,
				540FCDEE217046E100623A62 /* TumblrUITests.xctest */,
			);
			name = Products;
			sourceTree = "<group>";
		};
		540FCDD1217046DC00623A62 /* Tumblr */ = {
			isa = PBXGroup;
			children = (
				540FCDD2217046DC00623A62 /* AppDelegate.swift */,
				540FCDD4217046DC00623A62 /* ViewController.swift */,
				540FCDD6217046DC00623A62 /* Main.storyboard */,
				540FCDD9217046E100623A62 /* Assets.xcassets */,
				540FCDDB217046E100623A62 /* LaunchScreen.storyboard */,
				540FCDDE217046E100623A62 /* Info.plist */,
			);
			path = Tumblr;
			sourceTree = "<group>";
		};
		540FCDE6217046E100623A62 /* TumblrTests */ = {
			isa = PBXGroup;
			children = (
				540FCDE7217046E100623A62 /* TumblrTests.swift */,
				540FCDE9217046E100623A62 /* Info.plist */,
			);
			path = TumblrTests;
			sourceTree = "<group>";
		};
		540FCDF1217046E100623A62 /* TumblrUITests */ = {
			isa = PBXGroup;
			children = (
				540FCDF2217046E100623A62 /* TumblrUITests.swift */,
				540FCDF4217046E100623A62 /* Info.plist */,
			);
			path = TumblrUITests;
			sourceTree = "<group>";
		};
/* End PBXGroup section */

/* Begin PBXNativeTarget section */
		540FCDCE217046DB00623A62 /* Tumblr */ = {
			isa = PBXNativeTarget;
			buildConfigurationList = 540FCDF7217046E100623A62 /* Build configuration list for PBXNativeTarget "Tumblr" */;
			buildPhases = (
				540FCDCB217046DB00623A62 /* Sources */,
				540FCDCC217046DB00623A62 /* Frameworks */,
				540FCDCD217046DB00623A62 /* Resources */,
			);
			buildRules = (
			);
			dependencies = (
			);
			name = Tumblr;
			productName = Tumblr;
			productReference = 540FCDCF217046DC00623A62 /* Tumblr.app */;
			productType = "com.apple.product-type.application";
		};
		540FCDE2217046E100623A62 /* TumblrTests */ = {
			isa = PBXNativeTarget;
			buildConfigurationList = 540FCDFA217046E100623A62 /* Build configuration list for PBXNativeTarget "TumblrTests" */;
			buildPhases = (
				540FCDDF217046E100623A62 /* Sources */,
				540FCDE0217046E100623A62 /* Frameworks */,
				540FCDE1217046E100623A62 /* Resources */,
			);
			buildRules = (
			);
			dependencies = (
				540FCDE5217046E100623A62 /* PBXTargetDependency */,
			);
			name = TumblrTests;
			productName = TumblrTests;
			productReference = 540FCDE3217046E100623A62 /* TumblrTests.xctest */;
			productType = "com.apple.product-type.bundle.unit-test";
		};
		540FCDED217046E100623A62 /* TumblrUITests */ = {
			isa = PBXNativeTarget;
			buildConfigurationList = 540FCDFD217046E100623A62 /* Build configuration list for PBXNativeTarget "TumblrUITests" */;
			buildPhases = (
				540FCDEA217046E100623A62 /* Sources */,
				540FCDEB217046E100623A62 /* Frameworks */,
				540FCDEC217046E100623A62 /* Resources */,
			);
			buildRules = (
			);
			dependencies = (
				540FCDF0217046E100623A62 /* PBXTargetDependency */,
			);
			name = TumblrUITests;
			productName = TumblrUITests;
			productReference = 540FCDEE217046E100623A62 /* TumblrUITests.xctest */;
			productType = "com.apple.product-type.bundle.ui-testing";
		};
/* End PBXNativeTarget section */

/* Begin PBXProject section */
		540FCDC7217046DB00623A62 /* Project object */ = {
			isa = PBXProject;
			attributes = {
				LastSwiftUpdateCheck = 1000;
				LastUpgradeCheck = 1000;
				ORGANIZATIONNAME = jmaciel;
				TargetAttributes = {
					540FCDCE217046DB00623A62 = {
						CreatedOnToolsVersion = 10.0;
					};
					540FCDE2217046E100623A62 = {
						CreatedOnToolsVersion = 10.0;
						TestTargetID = 540FCDCE217046DB00623A62;
					};
					540FCDED217046E100623A62 = {
						CreatedOnToolsVersion = 10.0;
						TestTargetID = 540FCDCE217046DB00623A62;
					};
				};
			};
			buildConfigurationList = 540FCDCA217046DB00623A62 /* Build configuration list for PBXProject "Tumblr" */;
			compatibilityVersion = "Xcode 9.3";
			developmentRegion = en;
			hasScannedForEncodings = 0;
			knownRegions = (
				en,
				Base,
			);
			mainGroup = 540FCDC6217046DB00623A62;
			productRefGroup = 540FCDD0217046DC00623A62 /* Products */;
			projectDirPath = "";
			projectRoot = "";
			targets = (
				540FCDCE217046DB00623A62 /* Tumblr */,
				540FCDE2217046E100623A62 /* TumblrTests */,
				540FCDED217046E100623A62 /* TumblrUITests */,
			);
		};
/* End PBXProject section */

/* Begin PBXResourcesBuildPhase section */
		540FCDCD217046DB00623A62 /* Resources */ = {
			isa = PBXResourcesBuildPhase;
			buildActionMask = 2147483647;
			files = (
				540FCDDD217046E100623A62 /* LaunchScreen.storyboard in Resources */,
				540FCDDA217046E100623A62 /* Assets.xcassets in Resources */,
				540FCDD8217046DC00623A62 /* Main.storyboard in Resources */,
			);
			runOnlyForDeploymentPostprocessing = 0;
		};
		540FCDE1217046E100623A62 /* Resources */ = {
			isa = PBXResourcesBuildPhase;
			buildActionMask = 2147483647;
			files = (
			);
			runOnlyForDeploymentPostprocessing = 0;
		};
		540FCDEC217046E100623A62 /* Resources */ = {
			isa = PBXResourcesBuildPhase;
			buildActionMask = 2147483647;
			files = (
			);
			runOnlyForDeploymentPostprocessing = 0;
		};
/* End PBXResourcesBuildPhase section */

/* Begin PBXSourcesBuildPhase section */
		540FCDCB217046DB00623A62 /* Sources */ = {
			isa = PBXSourcesBuildPhase;
			buildActionMask = 2147483647;
			files = (
				540FCDD5217046DC00623A62 /* ViewController.swift in Sources */,
				540FCDD3217046DC00623A62 /* AppDelegate.swift in Sources */,
			);
			runOnlyForDeploymentPostprocessing = 0;
		};
		540FCDDF217046E100623A62 /* Sources */ = {
			isa = PBXSourcesBuildPhase;
			buildActionMask = 2147483647;
			files = (
				540FCDE8217046E100623A62 /* TumblrTests.swift in Sources */,
			);
			runOnlyForDeploymentPostprocessing = 0;
		};
		540FCDEA217046E100623A62 /* Sources */ = {
			isa = PBXSourcesBuildPhase;
			buildActionMask = 2147483647;
			files = (
				540FCDF3217046E100623A62 /* TumblrUITests.swift in Sources */,
			);
			runOnlyForDeploymentPostprocessing = 0;
		};
/* End PBXSourcesBuildPhase section */

/* Begin PBXTargetDependency section */
		540FCDE5217046E100623A62 /* PBXTargetDependency */ = {
			isa = PBXTargetDependency;
			target = 540FCDCE217046DB00623A62 /* Tumblr */;
			targetProxy = 540FCDE4217046E100623A62 /* PBXContainerItemProxy */;
		};
		540FCDF0217046E100623A62 /* PBXTargetDependency */ = {
			isa = PBXTargetDependency;
			target = 540FCDCE217046DB00623A62 /* Tumblr */;
			targetProxy = 540FCDEF217046E100623A62 /* PBXContainerItemProxy */;
		};
/* End PBXTargetDependency section */

/* Begin PBXVariantGroup section */
		540FCDD6217046DC00623A62 /* Main.storyboard */ = {
			isa = PBXVariantGroup;
			children = (
				540FCDD7217046DC00623A62 /* Base */,
			);
			name = Main.storyboard;
			sourceTree = "<group>";
		};
		540FCDDB217046E100623A62 /* LaunchScreen.storyboard */ = {
			isa = PBXVariantGroup;
			children = (
				540FCDDC217046E100623A62 /* Base */,
			);
			name = LaunchScreen.storyboard;
			sourceTree = "<group>";
		};
/* End PBXVariantGroup section */

/* Begin XCBuildConfiguration section */
		540FCDF5217046E100623A62 /* Debug */ = {
			isa = XCBuildConfiguration;
			buildSettings = {
				ALWAYS_SEARCH_USER_PATHS = NO;
				CLANG_ANALYZER_NONNULL = YES;
				CLANG_ANALYZER_NUMBER_OBJECT_CONVERSION = YES_AGGRESSIVE;
				CLANG_CXX_LANGUAGE_STANDARD = "gnu++14";
				CLANG_CXX_LIBRARY = "libc++";
				CLANG_ENABLE_MODULES = YES;
				CLANG_ENABLE_OBJC_ARC = YES;
				CLANG_ENABLE_OBJC_WEAK = YES;
				CLANG_WARN_BLOCK_CAPTURE_AUTORELEASING = YES;
				CLANG_WARN_BOOL_CONVERSION = YES;
				CLANG_WARN_COMMA = YES;
				CLANG_WARN_CONSTANT_CONVERSION = YES;
				CLANG_WARN_DEPRECATED_OBJC_IMPLEMENTATIONS = YES;
				CLANG_WARN_DIRECT_OBJC_ISA_USAGE = YES_ERROR;
				CLANG_WARN_DOCUMENTATION_COMMENTS = YES;
				CLANG_WARN_EMPTY_BODY = YES;
				CLANG_WARN_ENUM_CONVERSION = YES;
				CLANG_WARN_INFINITE_RECURSION = YES;
				CLANG_WARN_INT_CONVERSION = YES;
				CLANG_WARN_NON_LITERAL_NULL_CONVERSION = YES;
				CLANG_WARN_OBJC_IMPLICIT_RETAIN_SELF = YES;
				CLANG_WARN_OBJC_LITERAL_CONVERSION = YES;
				CLANG_WARN_OBJC_ROOT_CLASS = YES_ERROR;
				CLANG_WARN_RANGE_LOOP_ANALYSIS = YES;
				CLANG_WARN_STRICT_PROTOTYPES = YES;
				CLANG_WARN_SUSPICIOUS_MOVE = YES;
				CLANG_WARN_UNGUARDED_AVAILABILITY = YES_AGGRESSIVE;
				CLANG_WARN_UNREACHABLE_CODE = YES;
				CLANG_WARN__DUPLICATE_METHOD_MATCH = YES;
				CODE_SIGN_IDENTITY = "iPhone Developer";
				COPY_PHASE_STRIP = NO;
				DEBUG_INFORMATION_FORMAT = dwarf;
				ENABLE_STRICT_OBJC_MSGSEND = YES;
				ENABLE_TESTABILITY = YES;
				GCC_C_LANGUAGE_STANDARD = gnu11;
				GCC_DYNAMIC_NO_PIC = NO;
				GCC_NO_COMMON_BLOCKS = YES;
				GCC_OPTIMIZATION_LEVEL = 0;
				GCC_PREPROCESSOR_DEFINITIONS = (
					"DEBUG=1",
					"$(inherited)",
				);
				GCC_WARN_64_TO_32_BIT_CONVERSION = YES;
				GCC_WARN_ABOUT_RETURN_TYPE = YES_ERROR;
				GCC_WARN_UNDECLARED_SELECTOR = YES;
				GCC_WARN_UNINITIALIZED_AUTOS = YES_AGGRESSIVE;
				GCC_WARN_UNUSED_FUNCTION = YES;
				GCC_WARN_UNUSED_VARIABLE = YES;
				IPHONEOS_DEPLOYMENT_TARGET = 12.0;
				MTL_ENABLE_DEBUG_INFO = INCLUDE_SOURCE;
				MTL_FAST_MATH = YES;
				ONLY_ACTIVE_ARCH = YES;
				SDKROOT = iphoneos;
				SWIFT_ACTIVE_COMPILATION_CONDITIONS = DEBUG;
				SWIFT_OPTIMIZATION_LEVEL = "-Onone";
			};
			name = Debug;
		};
		540FCDF6217046E100623A62 /* Release */ = {
			isa = XCBuildConfiguration;
			buildSettings = {
				ALWAYS_SEARCH_USER_PATHS = NO;
				CLANG_ANALYZER_NONNULL = YES;
				CLANG_ANALYZER_NUMBER_OBJECT_CONVERSION = YES_AGGRESSIVE;
				CLANG_CXX_LANGUAGE_STANDARD = "gnu++14";
				CLANG_CXX_LIBRARY = "libc++";
				CLANG_ENABLE_MODULES = YES;
				CLANG_ENABLE_OBJC_ARC = YES;
				CLANG_ENABLE_OBJC_WEAK = YES;
				CLANG_WARN_BLOCK_CAPTURE_AUTORELEASING = YES;
				CLANG_WARN_BOOL_CONVERSION = YES;
				CLANG_WARN_COMMA = YES;
				CLANG_WARN_CONSTANT_CONVERSION = YES;
				CLANG_WARN_DEPRECATED_OBJC_IMPLEMENTATIONS = YES;
				CLANG_WARN_DIRECT_OBJC_ISA_USAGE = YES_ERROR;
				CLANG_WARN_DOCUMENTATION_COMMENTS = YES;
				CLANG_WARN_EMPTY_BODY = YES;
				CLANG_WARN_ENUM_CONVERSION = YES;
				CLANG_WARN_INFINITE_RECURSION = YES;
				CLANG_WARN_INT_CONVERSION = YES;
				CLANG_WARN_NON_LITERAL_NULL_CONVERSION = YES;
				CLANG_WARN_OBJC_IMPLICIT_RETAIN_SELF = YES;
				CLANG_WARN_OBJC_LITERAL_CONVERSION = YES;
				CLANG_WARN_OBJC_ROOT_CLASS = YES_ERROR;
				CLANG_WARN_RANGE_LOOP_ANALYSIS = YES;
				CLANG_WARN_STRICT_PROTOTYPES = YES;
				CLANG_WARN_SUSPICIOUS_MOVE = YES;
				CLANG_WARN_UNGUARDED_AVAILABILITY = YES_AGGRESSIVE;
				CLANG_WARN_UNREACHABLE_CODE = YES;
				CLANG_WARN__DUPLICATE_METHOD_MATCH = YES;
				CODE_SIGN_IDENTITY = "iPhone Developer";
				COPY_PHASE_STRIP = NO;
				DEBUG_INFORMATION_FORMAT = "dwarf-with-dsym";
				ENABLE_NS_ASSERTIONS = NO;
				ENABLE_STRICT_OBJC_MSGSEND = YES;
				GCC_C_LANGUAGE_STANDARD = gnu11;
				GCC_NO_COMMON_BLOCKS = YES;
				GCC_WARN_64_TO_32_BIT_CONVERSION = YES;
				GCC_WARN_ABOUT_RETURN_TYPE = YES_ERROR;
				GCC_WARN_UNDECLARED_SELECTOR = YES;
				GCC_WARN_UNINITIALIZED_AUTOS = YES_AGGRESSIVE;
				GCC_WARN_UNUSED_FUNCTION = YES;
				GCC_WARN_UNUSED_VARIABLE = YES;
				IPHONEOS_DEPLOYMENT_TARGET = 12.0;
				MTL_ENABLE_DEBUG_INFO = NO;
				MTL_FAST_MATH = YES;
				SDKROOT = iphoneos;
				SWIFT_COMPILATION_MODE = wholemodule;
				SWIFT_OPTIMIZATION_LEVEL = "-O";
				VALIDATE_PRODUCT = YES;
			};
			name = Release;
		};
		540FCDF8217046E100623A62 /* Debug */ = {
			isa = XCBuildConfiguration;
			buildSettings = {
				ASSETCATALOG_COMPILER_APPICON_NAME = AppIcon;
				CODE_SIGN_STYLE = Automatic;
				INFOPLIST_FILE = Tumblr/Info.plist;
				LD_RUNPATH_SEARCH_PATHS = (
					"$(inherited)",
					"@executable_path/Frameworks",
				);
				PRODUCT_BUNDLE_IDENTIFIER = jmaciel.Tumblr;
				PRODUCT_NAME = "$(TARGET_NAME)";
				SWIFT_VERSION = 4.2;
				TARGETED_DEVICE_FAMILY = "1,2";
			};
			name = Debug;
		};
		540FCDF9217046E100623A62 /* Release */ = {
			isa = XCBuildConfiguration;
			buildSettings = {
				ASSETCATALOG_COMPILER_APPICON_NAME = AppIcon;
				CODE_SIGN_STYLE = Automatic;
				INFOPLIST_FILE = Tumblr/Info.plist;
				LD_RUNPATH_SEARCH_PATHS = (
					"$(inherited)",
					"@executable_path/Frameworks",
				);
				PRODUCT_BUNDLE_IDENTIFIER = jmaciel.Tumblr;
				PRODUCT_NAME = "$(TARGET_NAME)";
				SWIFT_VERSION = 4.2;
				TARGETED_DEVICE_FAMILY = "1,2";
			};
			name = Release;
		};
		540FCDFB217046E100623A62 /* Debug */ = {
			isa = XCBuildConfiguration;
			buildSettings = {
				ALWAYS_EMBED_SWIFT_STANDARD_LIBRARIES = YES;
				BUNDLE_LOADER = "$(TEST_HOST)";
				CODE_SIGN_STYLE = Automatic;
				INFOPLIST_FILE = TumblrTests/Info.plist;
				LD_RUNPATH_SEARCH_PATHS = (
					"$(inherited)",
					"@executable_path/Frameworks",
					"@loader_path/Frameworks",
				);
				PRODUCT_BUNDLE_IDENTIFIER = jmaciel.TumblrTests;
				PRODUCT_NAME = "$(TARGET_NAME)";
				SWIFT_VERSION = 4.2;
				TARGETED_DEVICE_FAMILY = "1,2";
				TEST_HOST = "$(BUILT_PRODUCTS_DIR)/Tumblr.app/Tumblr";
			};
			name = Debug;
		};
		540FCDFC217046E100623A62 /* Release */ = {
			isa = XCBuildConfiguration;
			buildSettings = {
				ALWAYS_EMBED_SWIFT_STANDARD_LIBRARIES = YES;
				BUNDLE_LOADER = "$(TEST_HOST)";
				CODE_SIGN_STYLE = Automatic;
				INFOPLIST_FILE = TumblrTests/Info.plist;
				LD_RUNPATH_SEARCH_PATHS = (
					"$(inherited)",
					"@executable_path/Frameworks",
					"@loader_path/Frameworks",
				);
				PRODUCT_BUNDLE_IDENTIFIER = jmaciel.TumblrTests;
				PRODUCT_NAME = "$(TARGET_NAME)";
				SWIFT_VERSION = 4.2;
				TARGETED_DEVICE_FAMILY = "1,2";
				TEST_HOST = "$(BUILT_PRODUCTS_DIR)/Tumblr.app/Tumblr";
			};
			name = Release;
		};
		540FCDFE217046E100623A62 /* Debug */ = {
			isa = XCBuildConfiguration;
			buildSettings = {
				ALWAYS_EMBED_SWIFT_STANDARD_LIBRARIES = YES;
				CODE_SIGN_STYLE = Automatic;
				INFOPLIST_FILE = TumblrUITests/Info.plist;
				LD_RUNPATH_SEARCH_PATHS = (
					"$(inherited)",
					"@executable_path/Frameworks",
					"@loader_path/Frameworks",
				);
				PRODUCT_BUNDLE_IDENTIFIER = jmaciel.TumblrUITests;
				PRODUCT_NAME = "$(TARGET_NAME)";
				SWIFT_VERSION = 4.2;
				TARGETED_DEVICE_FAMILY = "1,2";
				TEST_TARGET_NAME = Tumblr;
			};
			name = Debug;
		};
		540FCDFF217046E100623A62 /* Release */ = {
			isa = XCBuildConfiguration;
			buildSettings = {
				ALWAYS_EMBED_SWIFT_STANDARD_LIBRARIES = YES;
				CODE_SIGN_STYLE = Automatic;
				INFOPLIST_FILE = TumblrUITests/Info.plist;
				LD_RUNPATH_SEARCH_PATHS = (
					"$(inherited)",
					"@executable_path/Frameworks",
					"@loader_path/Frameworks",
				);
				PRODUCT_BUNDLE_IDENTIFIER = jmaciel.TumblrUITests;
				PRODUCT_NAME = "$(TARGET_NAME)";
				SWIFT_VERSION = 4.2;
				TARGETED_DEVICE_FAMILY = "1,2";
				TEST_TARGET_NAME = Tumblr;
			};
			name = Release;
		};
/* End XCBuildConfiguration section */

/* Begin XCConfigurationList section */
		540FCDCA217046DB00623A62 /* Build configuration list for PBXProject "Tumblr" */ = {
			isa = XCConfigurationList;
			buildConfigurations = (
				540FCDF5217046E100623A62 /* Debug */,
				540FCDF6217046E100623A62 /* Release */,
			);
			defaultConfigurationIsVisible = 0;
			defaultConfigurationName = Release;
		};
		540FCDF7217046E100623A62 /* Build configuration list for PBXNativeTarget "Tumblr" */ = {
			isa = XCConfigurationList;
			buildConfigurations = (
				540FCDF8217046E100623A62 /* Debug */,
				540FCDF9217046E100623A62 /* Release */,
			);
			defaultConfigurationIsVisible = 0;
			defaultConfigurationName = Release;
		};
		540FCDFA217046E100623A62 /* Build configuration list for PBXNativeTarget "TumblrTests" */ = {
			isa = XCConfigurationList;
			buildConfigurations = (
				540FCDFB217046E100623A62 /* Debug */,
				540FCDFC217046E100623A62 /* Release */,
			);
			defaultConfigurationIsVisible = 0;
			defaultConfigurationName = Release;
		};
		540FCDFD217046E100623A62 /* Build configuration list for PBXNativeTarget "TumblrUITests" */ = {
			isa = XCConfigurationList;
			buildConfigurations = (
				540FCDFE217046E100623A62 /* Debug */,
				540FCDFF217046E100623A62 /* Release */,
			);
			defaultConfigurationIsVisible = 0;
			defaultConfigurationName = Release;
		};
/* End XCConfigurationList section */
	};
	rootObject = 540FCDC7217046DB00623A62 /* Project object */;
}
